
Microsoft Visual Studio Solution File, Format Version 12.00
# Visual Studio 15
VisualStudioVersion = 15.0.27703.2000
MinimumVisualStudioVersion = 10.0.40219.1
Project("{FAE04EC0-301F-11D3-BF4B-00C04F79EFBC}") = "MavlinkStreamer", "MavlinkStreamer\MavlinkStreamer.csproj", "{EA3D16A4-E232-4ACC-BD4F-97107F1DCA03}"
EndProject
Global
	GlobalSection(SolutionConfigurationPlatforms) = preSolution
		Debug|Any CPU = Debug|Any CPU
		Release|Any CPU = Release|Any CPU
	EndGlobalSection
	GlobalSection(ProjectConfigurationPlatforms) = postSolution
		{EA3D16A4-E232-4ACC-BD4F-97107F1DCA03}.Debug|Any CPU.ActiveCfg = Debug|Any CPU
		{EA3D16A4-E232-4ACC-BD4F-97107F1DCA03}.Debug|Any CPU.Build.0 = Debug|Any CPU
		{EA3D16A4-E232-4ACC-BD4F-97107F1DCA03}.Release|Any CPU.ActiveCfg = Release|Any CPU
		{EA3D16A4-E232-4ACC-BD4F-97107F1DCA03}.Release|Any CPU.Build.0 = Release|Any CPU
	EndGlobalSection
	GlobalSection(SolutionProperties) = preSolution
		HideSolutionNode = FALSE
	EndGlobalSection
	GlobalSection(ExtensibilityGlobals) = postSolution
		SolutionGuid = {FB033C87-1AA6-40BF-999B-E6AE946E0AFA}
	EndGlobalSection
EndGlobal
